{
  "lockfileVersion": 1,
  "configVersion": 1,
  "workspaces": {
    "": {
      "dependencies": {
        "@types/react": "^19.2.5",
      },
    },
  },
  "packages": {
    "@types/react": ["@types/react@19.2.5", "", { "dependencies": { "csstype": "^3.0.2" } }, "sha512-keKxkZMqnDicuvFoJbzrhbtdLSPhj/rZThDlKWCDbgXmUg0rEUFtRssDXKYmtXluZlIqiC5VqkCgRwzuyLHKHw=="],

    "csstype": ["csstype@3.2.1", "", {}, "sha512-98XGutrXoh75MlgLihlNxAGbUuFQc7l1cqcnEZlLNKc0UrVdPndgmaDmYTDDh929VS/eqTZV0rozmhu2qqT1/g=="],
  }
}
